// !$*UTF8*$!
{
	archiveVersion = 1;
	classes = {
	};
	objectVersion = 56;
	objects = {

/* Begin PBXBuildFile section */
		9C15DBBF2B6B0809006283BD /* LocationsDataService.swift in Sources */ = {isa = PBXBuildFile; fileRef = 9C15DBBE2B6B0809006283BD /* LocationsDataService.swift */; };
		9CA51C982B4E1C0900C25998 /* SwiftfulMapAppApp.swift in Sources */ = {isa = PBXBuildFile; fileRef = 9CA51C972B4E1C0900C25998 /* SwiftfulMapAppApp.swift */; };
		9CA51C9A2B4E1C0900C25998 /* ContentView.swift in Sources */ = {isa = PBXBuildFile; fileRef = 9CA51C992B4E1C0900C25998 /* ContentView.swift */; };
		9CA51C9F2B4E1C0A00C25998 /* Preview Assets.xcassets in Resources */ = {isa = PBXBuildFile; fileRef = 9CA51C9E2B4E1C0A00C25998 /* Preview Assets.xcassets */; };
		9CA51CA62B4E1CCA00C25998 /* Assets.xcassets in Resources */ = {isa = PBXBuildFile; fileRef = 9CA51CA52B4E1CCA00C25998 /* Assets.xcassets */; };
		9CA51CAB2B4E1DF700C25998 /* Location.swift in Sources */ = {isa = PBXBuildFile; fileRef = 9CA51CAA2B4E1DF700C25998 /* Location.swift */; };
		9CA51CB02B4E21D400C25998 /* LocationsView.swift in Sources */ = {isa = PBXBuildFile; fileRef = 9CA51CAF2B4E21D400C25998 /* LocationsView.swift */; };
		9CA51CB22B4E392500C25998 /* LocationsViewModel.swift in Sources */ = {isa = PBXBuildFile; fileRef = 9CA51CB12B4E392500C25998 /* LocationsViewModel.swift */; };
		9CA51CB42B4FA17900C25998 /* LocationsListView.swift in Sources */ = {isa = PBXBuildFile; fileRef = 9CA51CB32B4FA17900C25998 /* LocationsListView.swift */; };
		9CA51CB62B4FBE5A00C25998 /* LocationPreviewView.swift in Sources */ = {isa = PBXBuildFile; fileRef = 9CA51CB52B4FBE5A00C25998 /* LocationPreviewView.swift */; };
		9CA51CB82B52148500C25998 /* LocationMapAnnotationView.swift in Sources */ = {isa = PBXBuildFile; fileRef = 9CA51CB72B52148500C25998 /* LocationMapAnnotationView.swift */; };
		9CA51CBA2B521B2600C25998 /* LocationDetailView.swift in Sources */ = {isa = PBXBuildFile; fileRef = 9CA51CB92B521B2600C25998 /* LocationDetailView.swift */; };
/* End PBXBuildFile section */

/* Begin PBXFileReference section */
		9C15DBBE2B6B0809006283BD /* LocationsDataService.swift */ = {isa = PBXFileReference; lastKnownFileType = sourcecode.swift; path = LocationsDataService.swift; sourceTree = "<group>"; };
		9CA51C942B4E1C0900C25998 /* SwiftfulMapApp.app */ = {isa = PBXFileReference; explicitFileType = wrapper.application; includeInIndex = 0; path = SwiftfulMapApp.app; sourceTree = BUILT_PRODUCTS_DIR; };
		9CA51C972B4E1C0900C25998 /* SwiftfulMapAppApp.swift */ = {isa = PBXFileReference; lastKnownFileType = sourcecode.swift; path = SwiftfulMapAppApp.swift; sourceTree = "<group>"; };
		9CA51C992B4E1C0900C25998 /* ContentView.swift */ = {isa = PBXFileReference; lastKnownFileType = sourcecode.swift; path = ContentView.swift; sourceTree = "<group>"; };
		9CA51C9E2B4E1C0A00C25998 /* Preview Assets.xcassets */ = {isa = PBXFileReference; lastKnownFileType = folder.assetcatalog; path = "Preview Assets.xcassets"; sourceTree = "<group>"; };
		9CA51CA52B4E1CCA00C25998 /* Assets.xcassets */ = {isa = PBXFileReference; lastKnownFileType = folder.assetcatalog; path = Assets.xcassets; sourceTree = "<group>"; };
		9CA51CAA2B4E1DF700C25998 /* Location.swift */ = {isa = PBXFileReference; lastKnownFileType = sourcecode.swift; path = Location.swift; sourceTree = "<group>"; };
		9CA51CAF2B4E21D400C25998 /* LocationsView.swift */ = {isa = PBXFileReference; lastKnownFileType = sourcecode.swift; path = LocationsView.swift; sourceTree = "<group>"; };
		9CA51CB12B4E392500C25998 /* LocationsViewModel.swift */ = {isa = PBXFileReference; lastKnownFileType = sourcecode.swift; path = LocationsViewModel.swift; sourceTree = "<group>"; };
		9CA51CB32B4FA17900C25998 /* LocationsListView.swift */ = {isa = PBXFileReference; lastKnownFileType = sourcecode.swift; path = LocationsListView.swift; sourceTree = "<group>"; };
		9CA51CB52B4FBE5A00C25998 /* LocationPreviewView.swift */ = {isa = PBXFileReference; lastKnownFileType = sourcecode.swift; path = LocationPreviewView.swift; sourceTree = "<group>"; };
		9CA51CB72B52148500C25998 /* LocationMapAnnotationView.swift */ = {isa = PBXFileReference; lastKnownFileType = sourcecode.swift; path = LocationMapAnnotationView.swift; sourceTree = "<group>"; };
		9CA51CB92B521B2600C25998 /* LocationDetailView.swift */ = {isa = PBXFileReference; lastKnownFileType = sourcecode.swift; path = LocationDetailView.swift; sourceTree = "<group>"; };
		9CA51CBB2B5359DF00C25998 /* Info.plist */ = {isa = PBXFileReference; lastKnownFileType = text.plist; path = Info.plist; sourceTree = "<group>"; };
/* End PBXFileReference section */

/* Begin PBXFrameworksBuildPhase section */
		9CA51C912B4E1C0900C25998 /* Frameworks */ = {
			isa = PBXFrameworksBuildPhase;
			buildActionMask = 2147483647;
			files = (
			);
			runOnlyForDeploymentPostprocessing = 0;
		};
/* End PBXFrameworksBuildPhase section */

/* Begin PBXGroup section */
		9CA51C8B2B4E1C0900C25998 = {
			isa = PBXGroup;
			children = (
				9CA51C962B4E1C0900C25998 /* SwiftfulMapApp */,
				9CA51C952B4E1C0900C25998 /* Products */,
			);
			sourceTree = "<group>";
		};
		9CA51C952B4E1C0900C25998 /* Products */ = {
			isa = PBXGroup;
			children = (
				9CA51C942B4E1C0900C25998 /* SwiftfulMapApp.app */,
			);
			name = Products;
			sourceTree = "<group>";
		};
		9CA51C962B4E1C0900C25998 /* SwiftfulMapApp */ = {
			isa = PBXGroup;
			children = (
				9CA51CBB2B5359DF00C25998 /* Info.plist */,
				9CA51CAC2B4E1F2600C25998 /* DataServices */,
				9CA51CA72B4E1D9300C25998 /* Models */,
				9CA51CA92B4E1DAA00C25998 /* ViewModels */,
				9CA51CA82B4E1DA000C25998 /* Views */,
				9CA51C972B4E1C0900C25998 /* SwiftfulMapAppApp.swift */,
				9CA51C992B4E1C0900C25998 /* ContentView.swift */,
				9CA51CA52B4E1CCA00C25998 /* Assets.xcassets */,
				9CA51C9D2B4E1C0A00C25998 /* Preview Content */,
			);
			path = SwiftfulMapApp;
			sourceTree = "<group>";
		};
		9CA51C9D2B4E1C0A00C25998 /* Preview Content */ = {
			isa = PBXGroup;
			children = (
				9CA51C9E2B4E1C0A00C25998 /* Preview Assets.xcassets */,
			);
			path = "Preview Content";
			sourceTree = "<group>";
		};
		9CA51CA72B4E1D9300C25998 /* Models */ = {
			isa = PBXGroup;
			children = (
				9CA51CAA2B4E1DF700C25998 /* Location.swift */,
			);
			path = Models;
			sourceTree = "<group>";
		};
		9CA51CA82B4E1DA000C25998 /* Views */ = {
			isa = PBXGroup;
			children = (
				9CA51CAF2B4E21D400C25998 /* LocationsView.swift */,
				9CA51CB32B4FA17900C25998 /* LocationsListView.swift */,
				9CA51CB52B4FBE5A00C25998 /* LocationPreviewView.swift */,
				9CA51CB72B52148500C25998 /* LocationMapAnnotationView.swift */,
				9CA51CB92B521B2600C25998 /* LocationDetailView.swift */,
			);
			path = Views;
			sourceTree = "<group>";
		};
		9CA51CA92B4E1DAA00C25998 /* ViewModels */ = {
			isa = PBXGroup;
			children = (
				9CA51CB12B4E392500C25998 /* LocationsViewModel.swift */,
			);
			path = ViewModels;
			sourceTree = "<group>";
		};
		9CA51CAC2B4E1F2600C25998 /* DataServices */ = {
			isa = PBXGroup;
			children = (
				9C15DBBE2B6B0809006283BD /* LocationsDataService.swift */,
			);
			path = DataServices;
			sourceTree = "<group>";
		};
/* End PBXGroup section */

/* Begin PBXNativeTarget section */
		9CA51C932B4E1C0900C25998 /* SwiftfulMapApp */ = {
			isa = PBXNativeTarget;
			buildConfigurationList = 9CA51CA22B4E1C0A00C25998 /* Build configuration list for PBXNativeTarget "SwiftfulMapApp" */;
			buildPhases = (
				9CA51C902B4E1C0900C25998 /* Sources */,
				9CA51C912B4E1C0900C25998 /* Frameworks */,
				9CA51C922B4E1C0900C25998 /* Resources */,
			);
			buildRules = (
			);
			dependencies = (
			);
			name = SwiftfulMapApp;
			productName = SwiftfulMapApp;
			productReference = 9CA51C942B4E1C0900C25998 /* SwiftfulMapApp.app */;
			productType = "com.apple.product-type.application";
		};
/* End PBXNativeTarget section */

/* Begin PBXProject section */
		9CA51C8C2B4E1C0900C25998 /* Project object */ = {
			isa = PBXProject;
			attributes = {
				BuildIndependentTargetsInParallel = 1;
				LastSwiftUpdateCheck = 1500;
				LastUpgradeCheck = 1500;
				TargetAttributes = {
					9CA51C932B4E1C0900C25998 = {
						CreatedOnToolsVersion = 15.0;
					};
				};
			};
			buildConfigurationList = 9CA51C8F2B4E1C0900C25998 /* Build configuration list for PBXProject "SwiftfulMapApp" */;
			compatibilityVersion = "Xcode 14.0";
			developmentRegion = en;
			hasScannedForEncodings = 0;
			knownRegions = (
				en,
				Base,
			);
			mainGroup = 9CA51C8B2B4E1C0900C25998;
			productRefGroup = 9CA51C952B4E1C0900C25998 /* Products */;
			projectDirPath = "";
			projectRoot = "";
			targets = (
				9CA51C932B4E1C0900C25998 /* SwiftfulMapApp */,
			);
		};
/* End PBXProject section */

/* Begin PBXResourcesBuildPhase section */
		9CA51C922B4E1C0900C25998 /* Resources */ = {
			isa = PBXResourcesBuildPhase;
			buildActionMask = 2147483647;
			files = (
				9CA51CA62B4E1CCA00C25998 /* Assets.xcassets in Resources */,
				9CA51C9F2B4E1C0A00C25998 /* Preview Assets.xcassets in Resources */,
			);
			runOnlyForDeploymentPostprocessing = 0;
		};
/* End PBXResourcesBuildPhase section */

/* Begin PBXSourcesBuildPhase section */
		9CA51C902B4E1C0900C25998 /* Sources */ = {
			isa = PBXSourcesBuildPhase;
			buildActionMask = 2147483647;
			files = (
				9CA51CB82B52148500C25998 /* LocationMapAnnotationView.swift in Sources */,
				9CA51CB42B4FA17900C25998 /* LocationsListView.swift in Sources */,
				9CA51CB62B4FBE5A00C25998 /* LocationPreviewView.swift in Sources */,
				9CA51CB22B4E392500C25998 /* LocationsViewModel.swift in Sources */,
				9CA51C9A2B4E1C0900C25998 /* ContentView.swift in Sources */,
				9C15DBBF2B6B0809006283BD /* LocationsDataService.swift in Sources */,
				9CA51CB02B4E21D400C25998 /* LocationsView.swift in Sources */,
				9CA51CAB2B4E1DF700C25998 /* Location.swift in Sources */,
				9CA51CBA2B521B2600C25998 /* LocationDetailView.swift in Sources */,
				9CA51C982B4E1C0900C25998 /* SwiftfulMapAppApp.swift in Sources */,
			);
			runOnlyForDeploymentPostprocessing = 0;
		};
/* End PBXSourcesBuildPhase section */

/* Begin XCBuildConfiguration section */
		9CA51CA02B4E1C0A00C25998 /* Debug */ = {
			isa = XCBuildConfiguration;
			buildSettings = {
				ALWAYS_SEARCH_USER_PATHS = NO;
				ASSETCATALOG_COMPILER_GENERATE_SWIFT_ASSET_SYMBOL_EXTENSIONS = YES;
				CLANG_ANALYZER_NONNULL = YES;
				CLANG_ANALYZER_NUMBER_OBJECT_CONVERSION = YES_AGGRESSIVE;
				CLANG_CXX_LANGUAGE_STANDARD = "gnu++20";
				CLANG_ENABLE_MODULES = YES;
				CLANG_ENABLE_OBJC_ARC = YES;
				CLANG_ENABLE_OBJC_WEAK = YES;
				CLANG_WARN_BLOCK_CAPTURE_AUTORELEASING = YES;
				CLANG_WARN_BOOL_CONVERSION = YES;
				CLANG_WARN_COMMA = YES;
				CLANG_WARN_CONSTANT_CONVERSION = YES;
				CLANG_WARN_DEPRECATED_OBJC_IMPLEMENTATIONS = YES;
				CLANG_WARN_DIRECT_OBJC_ISA_USAGE = YES_ERROR;
				CLANG_WARN_DOCUMENTATION_COMMENTS = YES;
				CLANG_WARN_EMPTY_BODY = YES;
				CLANG_WARN_ENUM_CONVERSION = YES;
				CLANG_WARN_INFINITE_RECURSION = YES;
				CLANG_WARN_INT_CONVERSION = YES;
				CLANG_WARN_NON_LITERAL_NULL_CONVERSION = YES;
				CLANG_WARN_OBJC_IMPLICIT_RETAIN_SELF = YES;
				CLANG_WARN_OBJC_LITERAL_CONVERSION = YES;
				CLANG_WARN_OBJC_ROOT_CLASS = YES_ERROR;
				CLANG_WARN_QUOTED_INCLUDE_IN_FRAMEWORK_HEADER = YES;
				CLANG_WARN_RANGE_LOOP_ANALYSIS = YES;
				CLANG_WARN_STRICT_PROTOTYPES = YES;
				CLANG_WARN_SUSPICIOUS_MOVE = YES;
				CLANG_WARN_UNGUARDED_AVAILABILITY = YES_AGGRESSIVE;
				CLANG_WARN_UNREACHABLE_CODE = YES;
				CLANG_WARN__DUPLICATE_METHOD_MATCH = YES;
				COPY_PHASE_STRIP = NO;
				DEBUG_INFORMATION_FORMAT = dwarf;
				ENABLE_STRICT_OBJC_MSGSEND = YES;
				ENABLE_TESTABILITY = YES;
				ENABLE_USER_SCRIPT_SANDBOXING = YES;
				GCC_C_LANGUAGE_STANDARD = gnu17;
				GCC_DYNAMIC_NO_PIC = NO;
				GCC_NO_COMMON_BLOCKS = YES;
				GCC_OPTIMIZATION_LEVEL = 0;
				GCC_PREPROCESSOR_DEFINITIONS = (
					"DEBUG=1",
					"$(inherited)",
				);
				GCC_WARN_64_TO_32_BIT_CONVERSION = YES;
				GCC_WARN_ABOUT_RETURN_TYPE = YES_ERROR;
				GCC_WARN_UNDECLARED_SELECTOR = YES;
				GCC_WARN_UNINITIALIZED_AUTOS = YES_AGGRESSIVE;
				GCC_WARN_UNUSED_FUNCTION = YES;
				GCC_WARN_UNUSED_VARIABLE = YES;
				IPHONEOS_DEPLOYMENT_TARGET = 17.0;
				LOCALIZATION_PREFERS_STRING_CATALOGS = YES;
				MTL_ENABLE_DEBUG_INFO = INCLUDE_SOURCE;
				MTL_FAST_MATH = YES;
				ONLY_ACTIVE_ARCH = YES;
				SDKROOT = iphoneos;
				SWIFT_ACTIVE_COMPILATION_CONDITIONS = "DEBUG $(inherited)";
				SWIFT_OPTIMIZATION_LEVEL = "-Onone";
			};
			name = Debug;
		};
		9CA51CA12B4E1C0A00C25998 /* Release */ = {
			isa = XCBuildConfiguration;
			buildSettings = {
				ALWAYS_SEARCH_USER_PATHS = NO;
				ASSETCATALOG_COMPILER_GENERATE_SWIFT_ASSET_SYMBOL_EXTENSIONS = YES;
				CLANG_ANALYZER_NONNULL = YES;
				CLANG_ANALYZER_NUMBER_OBJECT_CONVERSION = YES_AGGRESSIVE;
				CLANG_CXX_LANGUAGE_STANDARD = "gnu++20";
				CLANG_ENABLE_MODULES = YES;
				CLANG_ENABLE_OBJC_ARC = YES;
				CLANG_ENABLE_OBJC_WEAK = YES;
				CLANG_WARN_BLOCK_CAPTURE_AUTORELEASING = YES;
				CLANG_WARN_BOOL_CONVERSION = YES;
				CLANG_WARN_COMMA = YES;
				CLANG_WARN_CONSTANT_CONVERSION = YES;
				CLANG_WARN_DEPRECATED_OBJC_IMPLEMENTATIONS = YES;
				CLANG_WARN_DIRECT_OBJC_ISA_USAGE = YES_ERROR;
				CLANG_WARN_DOCUMENTATION_COMMENTS = YES;
				CLANG_WARN_EMPTY_BODY = YES;
				CLANG_WARN_ENUM_CONVERSION = YES;
				CLANG_WARN_INFINITE_RECURSION = YES;
				CLANG_WARN_INT_CONVERSION = YES;
				CLANG_WARN_NON_LITERAL_NULL_CONVERSION = YES;
				CLANG_WARN_OBJC_IMPLICIT_RETAIN_SELF = YES;
				CLANG_WARN_OBJC_LITERAL_CONVERSION = YES;
				CLANG_WARN_OBJC_ROOT_CLASS = YES_ERROR;
				CLANG_WARN_QUOTED_INCLUDE_IN_FRAMEWORK_HEADER = YES;
				CLANG_WARN_RANGE_LOOP_ANALYSIS = YES;
				CLANG_WARN_STRICT_PROTOTYPES = YES;
				CLANG_WARN_SUSPICIOUS_MOVE = YES;
				CLANG_WARN_UNGUARDED_AVAILABILITY = YES_AGGRESSIVE;
				CLANG_WARN_UNREACHABLE_CODE = YES;
				CLANG_WARN__DUPLICATE_METHOD_MATCH = YES;
				COPY_PHASE_STRIP = NO;
				DEBUG_INFORMATION_FORMAT = "dwarf-with-dsym";
				ENABLE_NS_ASSERTIONS = NO;
				ENABLE_STRICT_OBJC_MSGSEND = YES;
				ENABLE_USER_SCRIPT_SANDBOXING = YES;
				GCC_C_LANGUAGE_STANDARD = gnu17;
				GCC_NO_COMMON_BLOCKS = YES;
				GCC_WARN_64_TO_32_BIT_CONVERSION = YES;
				GCC_WARN_ABOUT_RETURN_TYPE = YES_ERROR;
				GCC_WARN_UNDECLARED_SELECTOR = YES;
				GCC_WARN_UNINITIALIZED_AUTOS = YES_AGGRESSIVE;
				GCC_WARN_UNUSED_FUNCTION = YES;
				GCC_WARN_UNUSED_VARIABLE = YES;
				IPHONEOS_DEPLOYMENT_TARGET = 17.0;
				LOCALIZATION_PREFERS_STRING_CATALOGS = YES;
				MTL_ENABLE_DEBUG_INFO = NO;
				MTL_FAST_MATH = YES;
				SDKROOT = iphoneos;
				SWIFT_COMPILATION_MODE = wholemodule;
				VALIDATE_PRODUCT = YES;
			};
			name = Release;
		};
		9CA51CA32B4E1C0A00C25998 /* Debug */ = {
			isa = XCBuildConfiguration;
			buildSettings = {
				ASSETCATALOG_COMPILER_APPICON_NAME = AppIcon;
				ASSETCATALOG_COMPILER_GLOBAL_ACCENT_COLOR_NAME = AccentColor;
				CODE_SIGN_STYLE = Automatic;
				CURRENT_PROJECT_VERSION = 1;
				DEVELOPMENT_ASSET_PATHS = "\"SwiftfulMapApp/Preview Content\"";
				DEVELOPMENT_TEAM = 38P3W9LUVG;
				ENABLE_PREVIEWS = YES;
				GENERATE_INFOPLIST_FILE = YES;
				INFOPLIST_FILE = SwiftfulMapApp/Info.plist;
				INFOPLIST_KEY_UIApplicationSceneManifest_Generation = YES;
				INFOPLIST_KEY_UIApplicationSupportsIndirectInputEvents = YES;
				INFOPLIST_KEY_UISupportedInterfaceOrientations = UIInterfaceOrientationPortrait;
				INFOPLIST_KEY_UISupportedInterfaceOrientations_iPad = "UIInterfaceOrientationLandscapeLeft UIInterfaceOrientationLandscapeRight UIInterfaceOrientationPortrait UIInterfaceOrientationPortraitUpsideDown";
				LD_RUNPATH_SEARCH_PATHS = (
					"$(inherited)",
					"@executable_path/Frameworks",
				);
				MARKETING_VERSION = 1.0;
				PRODUCT_BUNDLE_IDENTIFIER = com.parthanand.todolist.SwiftfulMapApp;
				PRODUCT_NAME = "$(TARGET_NAME)";
				SWIFT_EMIT_LOC_STRINGS = YES;
				SWIFT_VERSION = 5.0;
				TARGETED_DEVICE_FAMILY = "1,2";
			};
			name = Debug;
		};
		9CA51CA42B4E1C0A00C25998 /* Release */ = {
			isa = XCBuildConfiguration;
			buildSettings = {
				ASSETCATALOG_COMPILER_APPICON_NAME = AppIcon;
				ASSETCATALOG_COMPILER_GLOBAL_ACCENT_COLOR_NAME = AccentColor;
				CODE_SIGN_STYLE = Automatic;
				CURRENT_PROJECT_VERSION = 1;
				DEVELOPMENT_ASSET_PATHS = "\"SwiftfulMapApp/Preview Content\"";
				DEVELOPMENT_TEAM = 38P3W9LUVG;
				ENABLE_PREVIEWS = YES;
				GENERATE_INFOPLIST_FILE = YES;
				INFOPLIST_FILE = SwiftfulMapApp/Info.plist;
				INFOPLIST_KEY_UIApplicationSceneManifest_Generation = YES;
				INFOPLIST_KEY_UIApplicationSupportsIndirectInputEvents = YES;
				INFOPLIST_KEY_UISupportedInterfaceOrientations = UIInterfaceOrientationPortrait;
				INFOPLIST_KEY_UISupportedInterfaceOrientations_iPad = "UIInterfaceOrientationLandscapeLeft UIInterfaceOrientationLandscapeRight UIInterfaceOrientationPortrait UIInterfaceOrientationPortraitUpsideDown";
				LD_RUNPATH_SEARCH_PATHS = (
					"$(inherited)",
					"@executable_path/Frameworks",
				);
				MARKETING_VERSION = 1.0;
				PRODUCT_BUNDLE_IDENTIFIER = com.parthanand.todolist.SwiftfulMapApp;
				PRODUCT_NAME = "$(TARGET_NAME)";
				SWIFT_EMIT_LOC_STRINGS = YES;
				SWIFT_VERSION = 5.0;
				TARGETED_DEVICE_FAMILY = "1,2";
			};
			name = Release;
		};
/* End XCBuildConfiguration section */

/* Begin XCConfigurationList section */
		9CA51C8F2B4E1C0900C25998 /* Build configuration list for PBXProject "SwiftfulMapApp" */ = {
			isa = XCConfigurationList;
			buildConfigurations = (
				9CA51CA02B4E1C0A00C25998 /* Debug */,
				9CA51CA12B4E1C0A00C25998 /* Release */,
			);
			defaultConfigurationIsVisible = 0;
			defaultConfigurationName = Release;
		};
		9CA51CA22B4E1C0A00C25998 /* Build configuration list for PBXNativeTarget "SwiftfulMapApp" */ = {
			isa = XCConfigurationList;
			buildConfigurations = (
				9CA51CA32B4E1C0A00C25998 /* Debug */,
				9CA51CA42B4E1C0A00C25998 /* Release */,
			);
			defaultConfigurationIsVisible = 0;
			defaultConfigurationName = Release;
		};
/* End XCConfigurationList section */
	};
	rootObject = 9CA51C8C2B4E1C0900C25998 /* Project object */;
}
